
Microsoft Visual Studio Solution File, Format Version 12.00
# Visual Studio Version 16
VisualStudioVersion = 16.0.30523.141
MinimumVisualStudioVersion = 10.0.40219.1
Project("{9A19103F-16F7-4668-BE54-9A1E7A4F7556}") = "SelecaoFamilia.Dominio", "SelecaoFamilia\SelecaoFamilia.Dominio.csproj", "{D257B05A-9EE6-4C8B-8C3D-66C4D5BDE041}"
EndProject
Project("{9A19103F-16F7-4668-BE54-9A1E7A4F7556}") = "SelecaoFamilia.Test", "SelecaoFamilia.Test\SelecaoFamilia.Test.csproj", "{10CCE34A-2F9E-4C65-8D07-A29E7C357DF9}"
	ProjectSection(ProjectDependencies) = postProject
		{D257B05A-9EE6-4C8B-8C3D-66C4D5BDE041} = {D257B05A-9EE6-4C8B-8C3D-66C4D5BDE041}
	EndProjectSection
EndProject
Project("{9A19103F-16F7-4668-BE54-9A1E7A4F7556}") = "SelecaoFamilia.App", "SelecaoFamilia.App\App\SelecaoFamilia.App.csproj", "{276943F9-90C7-493C-9887-16EAD2DF74F6}"
EndProject
Global
	GlobalSection(SolutionConfigurationPlatforms) = preSolution
		Debug|Any CPU = Debug|Any CPU
		Release|Any CPU = Release|Any CPU
	EndGlobalSection
	GlobalSection(ProjectConfigurationPlatforms) = postSolution
		{D257B05A-9EE6-4C8B-8C3D-66C4D5BDE041}.Debug|Any CPU.ActiveCfg = Debug|Any CPU
		{D257B05A-9EE6-4C8B-8C3D-66C4D5BDE041}.Debug|Any CPU.Build.0 = Debug|Any CPU
		{D257B05A-9EE6-4C8B-8C3D-66C4D5BDE041}.Release|Any CPU.ActiveCfg = Release|Any CPU
		{D257B05A-9EE6-4C8B-8C3D-66C4D5BDE041}.Release|Any CPU.Build.0 = Release|Any CPU
		{10CCE34A-2F9E-4C65-8D07-A29E7C357DF9}.Debug|Any CPU.ActiveCfg = Debug|Any CPU
		{10CCE34A-2F9E-4C65-8D07-A29E7C357DF9}.Debug|Any CPU.Build.0 = Debug|Any CPU
		{10CCE34A-2F9E-4C65-8D07-A29E7C357DF9}.Release|Any CPU.ActiveCfg = Release|Any CPU
		{10CCE34A-2F9E-4C65-8D07-A29E7C357DF9}.Release|Any CPU.Build.0 = Release|Any CPU
		{276943F9-90C7-493C-9887-16EAD2DF74F6}.Debug|Any CPU.ActiveCfg = Debug|Any CPU
		{276943F9-90C7-493C-9887-16EAD2DF74F6}.Debug|Any CPU.Build.0 = Debug|Any CPU
		{276943F9-90C7-493C-9887-16EAD2DF74F6}.Release|Any CPU.ActiveCfg = Release|Any CPU
		{276943F9-90C7-493C-9887-16EAD2DF74F6}.Release|Any CPU.Build.0 = Release|Any CPU
	EndGlobalSection
	GlobalSection(SolutionProperties) = preSolution
		HideSolutionNode = FALSE
	EndGlobalSection
	GlobalSection(ExtensibilityGlobals) = postSolution
		SolutionGuid = {92CB27C8-5B71-4C69-8FF5-C49217535E9D}
	EndGlobalSection
EndGlobal
